
Microsoft Visual Studio Solution File, Format Version 12.00
# Visual Studio 15
VisualStudioVersion = 15.0.28307.960
MinimumVisualStudioVersion = 10.0.40219.1
Project("{FAE04EC0-301F-11D3-BF4B-00C04F79EFBC}") = "練習12", "練習12\練習12.csproj", "{5D942E8B-5A5E-4B25-B9CB-DCF07841128B}"
EndProject
Global
	GlobalSection(SolutionConfigurationPlatforms) = preSolution
		Debug|Any CPU = Debug|Any CPU
		Release|Any CPU = Release|Any CPU
	EndGlobalSection
	GlobalSection(ProjectConfigurationPlatforms) = postSolution
		{5D942E8B-5A5E-4B25-B9CB-DCF07841128B}.Debug|Any CPU.ActiveCfg = Debug|Any CPU
		{5D942E8B-5A5E-4B25-B9CB-DCF07841128B}.Debug|Any CPU.Build.0 = Debug|Any CPU
		{5D942E8B-5A5E-4B25-B9CB-DCF07841128B}.Release|Any CPU.ActiveCfg = Release|Any CPU
		{5D942E8B-5A5E-4B25-B9CB-DCF07841128B}.Release|Any CPU.Build.0 = Release|Any CPU
	EndGlobalSection
	GlobalSection(SolutionProperties) = preSolution
		HideSolutionNode = FALSE
	EndGlobalSection
	GlobalSection(ExtensibilityGlobals) = postSolution
		SolutionGuid = {01DFFBA3-E287-47EF-BC5B-A170DCC566AD}
	EndGlobalSection
EndGlobal
