
Microsoft Visual Studio Solution File, Format Version 12.00
# Visual Studio 15
VisualStudioVersion = 15.0.28307.645
MinimumVisualStudioVersion = 10.0.40219.1
Project("{FAE04EC0-301F-11D3-BF4B-00C04F79EFBC}") = "練習", "練習\練習.csproj", "{AEB7A36A-D634-4B29-A75A-4A50EEFA355B}"
EndProject
Global
	GlobalSection(SolutionConfigurationPlatforms) = preSolution
		Debug|Any CPU = Debug|Any CPU
		Release|Any CPU = Release|Any CPU
	EndGlobalSection
	GlobalSection(ProjectConfigurationPlatforms) = postSolution
		{AEB7A36A-D634-4B29-A75A-4A50EEFA355B}.Debug|Any CPU.ActiveCfg = Debug|Any CPU
		{AEB7A36A-D634-4B29-A75A-4A50EEFA355B}.Debug|Any CPU.Build.0 = Debug|Any CPU
		{AEB7A36A-D634-4B29-A75A-4A50EEFA355B}.Release|Any CPU.ActiveCfg = Release|Any CPU
		{AEB7A36A-D634-4B29-A75A-4A50EEFA355B}.Release|Any CPU.Build.0 = Release|Any CPU
	EndGlobalSection
	GlobalSection(SolutionProperties) = preSolution
		HideSolutionNode = FALSE
	EndGlobalSection
	GlobalSection(ExtensibilityGlobals) = postSolution
		SolutionGuid = {50EF25A5-A0D8-4D05-ACC1-9246440BAB8E}
	EndGlobalSection
EndGlobal
